
Microsoft Visual Studio Solution File, Format Version 12.00
# Visual Studio 15
VisualStudioVersion = 15.0.27703.2035
MinimumVisualStudioVersion = 10.0.40219.1
Project("{FAE04EC0-301F-11D3-BF4B-00C04F79EFBC}") = "Cyc.Order.Web", "Cyc.Order.Web\Cyc.Order.Web.csproj", "{A9A888D2-630F-40D2-8438-96B889FA7665}"
EndProject
Global
	GlobalSection(SolutionConfigurationPlatforms) = preSolution
		Debug|Any CPU = Debug|Any CPU
		Release|Any CPU = Release|Any CPU
	EndGlobalSection
	GlobalSection(ProjectConfigurationPlatforms) = postSolution
		{A9A888D2-630F-40D2-8438-96B889FA7665}.Debug|Any CPU.ActiveCfg = Debug|Any CPU
		{A9A888D2-630F-40D2-8438-96B889FA7665}.Debug|Any CPU.Build.0 = Debug|Any CPU
		{A9A888D2-630F-40D2-8438-96B889FA7665}.Release|Any CPU.ActiveCfg = Release|Any CPU
		{A9A888D2-630F-40D2-8438-96B889FA7665}.Release|Any CPU.Build.0 = Release|Any CPU
	EndGlobalSection
	GlobalSection(SolutionProperties) = preSolution
		HideSolutionNode = FALSE
	EndGlobalSection
	GlobalSection(ExtensibilityGlobals) = postSolution
		SolutionGuid = {9213D8B7-DE03-4E72-8EE6-0850DCECB332}
	EndGlobalSection
EndGlobal
